// !$*UTF8*$!
{
	archiveVersion = 1;
	classes = {
	};
	objectVersion = 55;
	objects = {

/* Begin PBXBuildFile section */
		A567FEA727FCDEEF0053A81B /* AppDelegate.swift in Sources */ = {isa = PBXBuildFile; fileRef = A567FEA627FCDEEF0053A81B /* AppDelegate.swift */; };
		A567FEA927FCDEEF0053A81B /* SceneDelegate.swift in Sources */ = {isa = PBXBuildFile; fileRef = A567FEA827FCDEEF0053A81B /* SceneDelegate.swift */; };
		A567FEAB27FCDEEF0053A81B /* ViewController.swift in Sources */ = {isa = PBXBuildFile; fileRef = A567FEAA27FCDEEF0053A81B /* ViewController.swift */; };
		A567FEAE27FCDEEF0053A81B /* Main.storyboard in Resources */ = {isa = PBXBuildFile; fileRef = A567FEAC27FCDEEF0053A81B /* Main.storyboard */; };
		A567FEB027FCDEF00053A81B /* Assets.xcassets in Resources */ = {isa = PBXBuildFile; fileRef = A567FEAF27FCDEF00053A81B /* Assets.xcassets */; };
		A567FEB327FCDEF00053A81B /* LaunchScreen.storyboard in Resources */ = {isa = PBXBuildFile; fileRef = A567FEB127FCDEF00053A81B /* LaunchScreen.storyboard */; };
		A567FEBE27FCDEF00053A81B /* PasswordManagerTests.swift in Sources */ = {isa = PBXBuildFile; fileRef = A567FEBD27FCDEF00053A81B /* PasswordManagerTests.swift */; };
		A567FEC827FCDEF00053A81B /* PasswordManagerUITests.swift in Sources */ = {isa = PBXBuildFile; fileRef = A567FEC727FCDEF00053A81B /* PasswordManagerUITests.swift */; };
		A567FECA27FCDEF00053A81B /* PasswordManagerUITestsLaunchTests.swift in Sources */ = {isa = PBXBuildFile; fileRef = A567FEC927FCDEF00053A81B /* PasswordManagerUITestsLaunchTests.swift */; };
/* End PBXBuildFile section */

/* Begin PBXContainerItemProxy section */
		A567FEBA27FCDEF00053A81B /* PBXContainerItemProxy */ = {
			isa = PBXContainerItemProxy;
			containerPortal = A567FE9B27FCDEEF0053A81B /* Project object */;
			proxyType = 1;
			remoteGlobalIDString = A567FEA227FCDEEF0053A81B;
			remoteInfo = PasswordManager;
		};
		A567FEC427FCDEF00053A81B /* PBXContainerItemProxy */ = {
			isa = PBXContainerItemProxy;
			containerPortal = A567FE9B27FCDEEF0053A81B /* Project object */;
			proxyType = 1;
			remoteGlobalIDString = A567FEA227FCDEEF0053A81B;
			remoteInfo = PasswordManager;
		};
/* End PBXContainerItemProxy section */

/* Begin PBXFileReference section */
		A567FEA327FCDEEF0053A81B /* PasswordManager.app */ = {isa = PBXFileReference; explicitFileType = wrapper.application; includeInIndex = 0; path = PasswordManager.app; sourceTree = BUILT_PRODUCTS_DIR; };
		A567FEA627FCDEEF0053A81B /* AppDelegate.swift */ = {isa = PBXFileReference; lastKnownFileType = sourcecode.swift; path = AppDelegate.swift; sourceTree = "<group>"; };
		A567FEA827FCDEEF0053A81B /* SceneDelegate.swift */ = {isa = PBXFileReference; lastKnownFileType = sourcecode.swift; path = SceneDelegate.swift; sourceTree = "<group>"; };
		A567FEAA27FCDEEF0053A81B /* ViewController.swift */ = {isa = PBXFileReference; lastKnownFileType = sourcecode.swift; path = ViewController.swift; sourceTree = "<group>"; };
		A567FEAD27FCDEEF0053A81B /* Base */ = {isa = PBXFileReference; lastKnownFileType = file.storyboard; name = Base; path = Base.lproj/Main.storyboard; sourceTree = "<group>"; };
		A567FEAF27FCDEF00053A81B /* Assets.xcassets */ = {isa = PBXFileReference; lastKnownFileType = folder.assetcatalog; path = Assets.xcassets; sourceTree = "<group>"; };
		A567FEB227FCDEF00053A81B /* Base */ = {isa = PBXFileReference; lastKnownFileType = file.storyboard; name = Base; path = Base.lproj/LaunchScreen.storyboard; sourceTree = "<group>"; };
		A567FEB427FCDEF00053A81B /* Info.plist */ = {isa = PBXFileReference; lastKnownFileType = text.plist.xml; path = Info.plist; sourceTree = "<group>"; };
		A567FEB927FCDEF00053A81B /* PasswordManagerTests.xctest */ = {isa = PBXFileReference; explicitFileType = wrapper.cfbundle; includeInIndex = 0; path = PasswordManagerTests.xctest; sourceTree = BUILT_PRODUCTS_DIR; };
		A567FEBD27FCDEF00053A81B /* PasswordManagerTests.swift */ = {isa = PBXFileReference; lastKnownFileType = sourcecode.swift; path = PasswordManagerTests.swift; sourceTree = "<group>"; };
		A567FEC327FCDEF00053A81B /* PasswordManagerUITests.xctest */ = {isa = PBXFileReference; explicitFileType = wrapper.cfbundle; includeInIndex = 0; path = PasswordManagerUITests.xctest; sourceTree = BUILT_PRODUCTS_DIR; };
		A567FEC727FCDEF00053A81B /* PasswordManagerUITests.swift */ = {isa = PBXFileReference; lastKnownFileType = sourcecode.swift; path = PasswordManagerUITests.swift; sourceTree = "<group>"; };
		A567FEC927FCDEF00053A81B /* PasswordManagerUITestsLaunchTests.swift */ = {isa = PBXFileReference; lastKnownFileType = sourcecode.swift; path = PasswordManagerUITestsLaunchTests.swift; sourceTree = "<group>"; };
/* End PBXFileReference section */

/* Begin PBXFrameworksBuildPhase section */
		A567FEA027FCDEEF0053A81B /* Frameworks */ = {
			isa = PBXFrameworksBuildPhase;
			buildActionMask = 2147483647;
			files = (
			);
			runOnlyForDeploymentPostprocessing = 0;
		};
		A567FEB627FCDEF00053A81B /* Frameworks */ = {
			isa = PBXFrameworksBuildPhase;
			buildActionMask = 2147483647;
			files = (
			);
			runOnlyForDeploymentPostprocessing = 0;
		};
		A567FEC027FCDEF00053A81B /* Frameworks */ = {
			isa = PBXFrameworksBuildPhase;
			buildActionMask = 2147483647;
			files = (
			);
			runOnlyForDeploymentPostprocessing = 0;
		};
/* End PBXFrameworksBuildPhase section */

/* Begin PBXGroup section */
		A567FE9A27FCDEEF0053A81B = {
			isa = PBXGroup;
			children = (
				A567FEA527FCDEEF0053A81B /* PasswordManager */,
				A567FEBC27FCDEF00053A81B /* PasswordManagerTests */,
				A567FEC627FCDEF00053A81B /* PasswordManagerUITests */,
				A567FEA427FCDEEF0053A81B /* Products */,
			);
			sourceTree = "<group>";
		};
		A567FEA427FCDEEF0053A81B /* Products */ = {
			isa = PBXGroup;
			children = (
				A567FEA327FCDEEF0053A81B /* PasswordManager.app */,
				A567FEB927FCDEF00053A81B /* PasswordManagerTests.xctest */,
				A567FEC327FCDEF00053A81B /* PasswordManagerUITests.xctest */,
			);
			name = Products;
			sourceTree = "<group>";
		};
		A567FEA527FCDEEF0053A81B /* PasswordManager */ = {
			isa = PBXGroup;
			children = (
				A567FEA627FCDEEF0053A81B /* AppDelegate.swift */,
				A567FEA827FCDEEF0053A81B /* SceneDelegate.swift */,
				A567FEAA27FCDEEF0053A81B /* ViewController.swift */,
				A567FEAC27FCDEEF0053A81B /* Main.storyboard */,
				A567FEAF27FCDEF00053A81B /* Assets.xcassets */,
				A567FEB127FCDEF00053A81B /* LaunchScreen.storyboard */,
				A567FEB427FCDEF00053A81B /* Info.plist */,
			);
			path = PasswordManager;
			sourceTree = "<group>";
		};
		A567FEBC27FCDEF00053A81B /* PasswordManagerTests */ = {
			isa = PBXGroup;
			children = (
				A567FEBD27FCDEF00053A81B /* PasswordManagerTests.swift */,
			);
			path = PasswordManagerTests;
			sourceTree = "<group>";
		};
		A567FEC627FCDEF00053A81B /* PasswordManagerUITests */ = {
			isa = PBXGroup;
			children = (
				A567FEC727FCDEF00053A81B /* PasswordManagerUITests.swift */,
				A567FEC927FCDEF00053A81B /* PasswordManagerUITestsLaunchTests.swift */,
			);
			path = PasswordManagerUITests;
			sourceTree = "<group>";
		};
/* End PBXGroup section */

/* Begin PBXNativeTarget section */
		A567FEA227FCDEEF0053A81B /* PasswordManager */ = {
			isa = PBXNativeTarget;
			buildConfigurationList = A567FECD27FCDEF00053A81B /* Build configuration list for PBXNativeTarget "PasswordManager" */;
			buildPhases = (
				A567FE9F27FCDEEF0053A81B /* Sources */,
				A567FEA027FCDEEF0053A81B /* Frameworks */,
				A567FEA127FCDEEF0053A81B /* Resources */,
			);
			buildRules = (
			);
			dependencies = (
			);
			name = PasswordManager;
			productName = PasswordManager;
			productReference = A567FEA327FCDEEF0053A81B /* PasswordManager.app */;
			productType = "com.apple.product-type.application";
		};
		A567FEB827FCDEF00053A81B /* PasswordManagerTests */ = {
			isa = PBXNativeTarget;
			buildConfigurationList = A567FED027FCDEF00053A81B /* Build configuration list for PBXNativeTarget "PasswordManagerTests" */;
			buildPhases = (
				A567FEB527FCDEF00053A81B /* Sources */,
				A567FEB627FCDEF00053A81B /* Frameworks */,
				A567FEB727FCDEF00053A81B /* Resources */,
			);
			buildRules = (
			);
			dependencies = (
				A567FEBB27FCDEF00053A81B /* PBXTargetDependency */,
			);
			name = PasswordManagerTests;
			productName = PasswordManagerTests;
			productReference = A567FEB927FCDEF00053A81B /* PasswordManagerTests.xctest */;
			productType = "com.apple.product-type.bundle.unit-test";
		};
		A567FEC227FCDEF00053A81B /* PasswordManagerUITests */ = {
			isa = PBXNativeTarget;
			buildConfigurationList = A567FED327FCDEF00053A81B /* Build configuration list for PBXNativeTarget "PasswordManagerUITests" */;
			buildPhases = (
				A567FEBF27FCDEF00053A81B /* Sources */,
				A567FEC027FCDEF00053A81B /* Frameworks */,
				A567FEC127FCDEF00053A81B /* Resources */,
			);
			buildRules = (
			);
			dependencies = (
				A567FEC527FCDEF00053A81B /* PBXTargetDependency */,
			);
			name = PasswordManagerUITests;
			productName = PasswordManagerUITests;
			productReference = A567FEC327FCDEF00053A81B /* PasswordManagerUITests.xctest */;
			productType = "com.apple.product-type.bundle.ui-testing";
		};
/* End PBXNativeTarget section */

/* Begin PBXProject section */
		A567FE9B27FCDEEF0053A81B /* Project object */ = {
			isa = PBXProject;
			attributes = {
				BuildIndependentTargetsInParallel = 1;
				LastSwiftUpdateCheck = 1320;
				LastUpgradeCheck = 1320;
				TargetAttributes = {
					A567FEA227FCDEEF0053A81B = {
						CreatedOnToolsVersion = 13.2.1;
					};
					A567FEB827FCDEF00053A81B = {
						CreatedOnToolsVersion = 13.2.1;
						TestTargetID = A567FEA227FCDEEF0053A81B;
					};
					A567FEC227FCDEF00053A81B = {
						CreatedOnToolsVersion = 13.2.1;
						TestTargetID = A567FEA227FCDEEF0053A81B;
					};
				};
			};
			buildConfigurationList = A567FE9E27FCDEEF0053A81B /* Build configuration list for PBXProject "PasswordManager" */;
			compatibilityVersion = "Xcode 13.0";
			developmentRegion = en;
			hasScannedForEncodings = 0;
			knownRegions = (
				en,
				Base,
			);
			mainGroup = A567FE9A27FCDEEF0053A81B;
			productRefGroup = A567FEA427FCDEEF0053A81B /* Products */;
			projectDirPath = "";
			projectRoot = "";
			targets = (
				A567FEA227FCDEEF0053A81B /* PasswordManager */,
				A567FEB827FCDEF00053A81B /* PasswordManagerTests */,
				A567FEC227FCDEF00053A81B /* PasswordManagerUITests */,
			);
		};
/* End PBXProject section */

/* Begin PBXResourcesBuildPhase section */
		A567FEA127FCDEEF0053A81B /* Resources */ = {
			isa = PBXResourcesBuildPhase;
			buildActionMask = 2147483647;
			files = (
				A567FEB327FCDEF00053A81B /* LaunchScreen.storyboard in Resources */,
				A567FEB027FCDEF00053A81B /* Assets.xcassets in Resources */,
				A567FEAE27FCDEEF0053A81B /* Main.storyboard in Resources */,
			);
			runOnlyForDeploymentPostprocessing = 0;
		};
		A567FEB727FCDEF00053A81B /* Resources */ = {
			isa = PBXResourcesBuildPhase;
			buildActionMask = 2147483647;
			files = (
			);
			runOnlyForDeploymentPostprocessing = 0;
		};
		A567FEC127FCDEF00053A81B /* Resources */ = {
			isa = PBXResourcesBuildPhase;
			buildActionMask = 2147483647;
			files = (
			);
			runOnlyForDeploymentPostprocessing = 0;
		};
/* End PBXResourcesBuildPhase section */

/* Begin PBXSourcesBuildPhase section */
		A567FE9F27FCDEEF0053A81B /* Sources */ = {
			isa = PBXSourcesBuildPhase;
			buildActionMask = 2147483647;
			files = (
				A567FEAB27FCDEEF0053A81B /* ViewController.swift in Sources */,
				A567FEA727FCDEEF0053A81B /* AppDelegate.swift in Sources */,
				A567FEA927FCDEEF0053A81B /* SceneDelegate.swift in Sources */,
			);
			runOnlyForDeploymentPostprocessing = 0;
		};
		A567FEB527FCDEF00053A81B /* Sources */ = {
			isa = PBXSourcesBuildPhase;
			buildActionMask = 2147483647;
			files = (
				A567FEBE27FCDEF00053A81B /* PasswordManagerTests.swift in Sources */,
			);
			runOnlyForDeploymentPostprocessing = 0;
		};
		A567FEBF27FCDEF00053A81B /* Sources */ = {
			isa = PBXSourcesBuildPhase;
			buildActionMask = 2147483647;
			files = (
				A567FEC827FCDEF00053A81B /* PasswordManagerUITests.swift in Sources */,
				A567FECA27FCDEF00053A81B /* PasswordManagerUITestsLaunchTests.swift in Sources */,
			);
			runOnlyForDeploymentPostprocessing = 0;
		};
/* End PBXSourcesBuildPhase section */

/* Begin PBXTargetDependency section */
		A567FEBB27FCDEF00053A81B /* PBXTargetDependency */ = {
			isa = PBXTargetDependency;
			target = A567FEA227FCDEEF0053A81B /* PasswordManager */;
			targetProxy = A567FEBA27FCDEF00053A81B /* PBXContainerItemProxy */;
		};
		A567FEC527FCDEF00053A81B /* PBXTargetDependency */ = {
			isa = PBXTargetDependency;
			target = A567FEA227FCDEEF0053A81B /* PasswordManager */;
			targetProxy = A567FEC427FCDEF00053A81B /* PBXContainerItemProxy */;
		};
/* End PBXTargetDependency section */

/* Begin PBXVariantGroup section */
		A567FEAC27FCDEEF0053A81B /* Main.storyboard */ = {
			isa = PBXVariantGroup;
			children = (
				A567FEAD27FCDEEF0053A81B /* Base */,
			);
			name = Main.storyboard;
			sourceTree = "<group>";
		};
		A567FEB127FCDEF00053A81B /* LaunchScreen.storyboard */ = {
			isa = PBXVariantGroup;
			children = (
				A567FEB227FCDEF00053A81B /* Base */,
			);
			name = LaunchScreen.storyboard;
			sourceTree = "<group>";
		};
/* End PBXVariantGroup section */

/* Begin XCBuildConfiguration section */
		A567FECB27FCDEF00053A81B /* Debug */ = {
			isa = XCBuildConfiguration;
			buildSettings = {
				ALWAYS_SEARCH_USER_PATHS = NO;
				CLANG_ANALYZER_NONNULL = YES;
				CLANG_ANALYZER_NUMBER_OBJECT_CONVERSION = YES_AGGRESSIVE;
				CLANG_CXX_LANGUAGE_STANDARD = "gnu++17";
				CLANG_CXX_LIBRARY = "libc++";
				CLANG_ENABLE_MODULES = YES;
				CLANG_ENABLE_OBJC_ARC = YES;
				CLANG_ENABLE_OBJC_WEAK = YES;
				CLANG_WARN_BLOCK_CAPTURE_AUTORELEASING = YES;
				CLANG_WARN_BOOL_CONVERSION = YES;
				CLANG_WARN_COMMA = YES;
				CLANG_WARN_CONSTANT_CONVERSION = YES;
				CLANG_WARN_DEPRECATED_OBJC_IMPLEMENTATIONS = YES;
				CLANG_WARN_DIRECT_OBJC_ISA_USAGE = YES_ERROR;
				CLANG_WARN_DOCUMENTATION_COMMENTS = YES;
				CLANG_WARN_EMPTY_BODY = YES;
				CLANG_WARN_ENUM_CONVERSION = YES;
				CLANG_WARN_INFINITE_RECURSION = YES;
				CLANG_WARN_INT_CONVERSION = YES;
				CLANG_WARN_NON_LITERAL_NULL_CONVERSION = YES;
				CLANG_WARN_OBJC_IMPLICIT_RETAIN_SELF = YES;
				CLANG_WARN_OBJC_LITERAL_CONVERSION = YES;
				CLANG_WARN_OBJC_ROOT_CLASS = YES_ERROR;
				CLANG_WARN_QUOTED_INCLUDE_IN_FRAMEWORK_HEADER = YES;
				CLANG_WARN_RANGE_LOOP_ANALYSIS = YES;
				CLANG_WARN_STRICT_PROTOTYPES = YES;
				CLANG_WARN_SUSPICIOUS_MOVE = YES;
				CLANG_WARN_UNGUARDED_AVAILABILITY = YES_AGGRESSIVE;
				CLANG_WARN_UNREACHABLE_CODE = YES;
				CLANG_WARN__DUPLICATE_METHOD_MATCH = YES;
				COPY_PHASE_STRIP = NO;
				DEBUG_INFORMATION_FORMAT = dwarf;
				ENABLE_STRICT_OBJC_MSGSEND = YES;
				ENABLE_TESTABILITY = YES;
				GCC_C_LANGUAGE_STANDARD = gnu11;
				GCC_DYNAMIC_NO_PIC = NO;
				GCC_NO_COMMON_BLOCKS = YES;
				GCC_OPTIMIZATION_LEVEL = 0;
				GCC_PREPROCESSOR_DEFINITIONS = (
					"DEBUG=1",
					"$(inherited)",
				);
				GCC_WARN_64_TO_32_BIT_CONVERSION = YES;
				GCC_WARN_ABOUT_RETURN_TYPE = YES_ERROR;
				GCC_WARN_UNDECLARED_SELECTOR = YES;
				GCC_WARN_UNINITIALIZED_AUTOS = YES_AGGRESSIVE;
				GCC_WARN_UNUSED_FUNCTION = YES;
				GCC_WARN_UNUSED_VARIABLE = YES;
				IPHONEOS_DEPLOYMENT_TARGET = 15.2;
				MTL_ENABLE_DEBUG_INFO = INCLUDE_SOURCE;
				MTL_FAST_MATH = YES;
				ONLY_ACTIVE_ARCH = YES;
				SDKROOT = iphoneos;
				SWIFT_ACTIVE_COMPILATION_CONDITIONS = DEBUG;
				SWIFT_OPTIMIZATION_LEVEL = "-Onone";
			};
			name = Debug;
		};
		A567FECC27FCDEF00053A81B /* Release */ = {
			isa = XCBuildConfiguration;
			buildSettings = {
				ALWAYS_SEARCH_USER_PATHS = NO;
				CLANG_ANALYZER_NONNULL = YES;
				CLANG_ANALYZER_NUMBER_OBJECT_CONVERSION = YES_AGGRESSIVE;
				CLANG_CXX_LANGUAGE_STANDARD = "gnu++17";
				CLANG_CXX_LIBRARY = "libc++";
				CLANG_ENABLE_MODULES = YES;
				CLANG_ENABLE_OBJC_ARC = YES;
				CLANG_ENABLE_OBJC_WEAK = YES;
				CLANG_WARN_BLOCK_CAPTURE_AUTORELEASING = YES;
				CLANG_WARN_BOOL_CONVERSION = YES;
				CLANG_WARN_COMMA = YES;
				CLANG_WARN_CONSTANT_CONVERSION = YES;
				CLANG_WARN_DEPRECATED_OBJC_IMPLEMENTATIONS = YES;
				CLANG_WARN_DIRECT_OBJC_ISA_USAGE = YES_ERROR;
				CLANG_WARN_DOCUMENTATION_COMMENTS = YES;
				CLANG_WARN_EMPTY_BODY = YES;
				CLANG_WARN_ENUM_CONVERSION = YES;
				CLANG_WARN_INFINITE_RECURSION = YES;
				CLANG_WARN_INT_CONVERSION = YES;
				CLANG_WARN_NON_LITERAL_NULL_CONVERSION = YES;
				CLANG_WARN_OBJC_IMPLICIT_RETAIN_SELF = YES;
				CLANG_WARN_OBJC_LITERAL_CONVERSION = YES;
				CLANG_WARN_OBJC_ROOT_CLASS = YES_ERROR;
				CLANG_WARN_QUOTED_INCLUDE_IN_FRAMEWORK_HEADER = YES;
				CLANG_WARN_RANGE_LOOP_ANALYSIS = YES;
				CLANG_WARN_STRICT_PROTOTYPES = YES;
				CLANG_WARN_SUSPICIOUS_MOVE = YES;
				CLANG_WARN_UNGUARDED_AVAILABILITY = YES_AGGRESSIVE;
				CLANG_WARN_UNREACHABLE_CODE = YES;
				CLANG_WARN__DUPLICATE_METHOD_MATCH = YES;
				COPY_PHASE_STRIP = NO;
				DEBUG_INFORMATION_FORMAT = "dwarf-with-dsym";
				ENABLE_NS_ASSERTIONS = NO;
				ENABLE_STRICT_OBJC_MSGSEND = YES;
				GCC_C_LANGUAGE_STANDARD = gnu11;
				GCC_NO_COMMON_BLOCKS = YES;
				GCC_WARN_64_TO_32_BIT_CONVERSION = YES;
				GCC_WARN_ABOUT_RETURN_TYPE = YES_ERROR;
				GCC_WARN_UNDECLARED_SELECTOR = YES;
				GCC_WARN_UNINITIALIZED_AUTOS = YES_AGGRESSIVE;
				GCC_WARN_UNUSED_FUNCTION = YES;
				GCC_WARN_UNUSED_VARIABLE = YES;
				IPHONEOS_DEPLOYMENT_TARGET = 15.2;
				MTL_ENABLE_DEBUG_INFO = NO;
				MTL_FAST_MATH = YES;
				SDKROOT = iphoneos;
				SWIFT_COMPILATION_MODE = wholemodule;
				SWIFT_OPTIMIZATION_LEVEL = "-O";
				VALIDATE_PRODUCT = YES;
			};
			name = Release;
		};
		A567FECE27FCDEF00053A81B /* Debug */ = {
			isa = XCBuildConfiguration;
			buildSettings = {
				ASSETCATALOG_COMPILER_APPICON_NAME = AppIcon;
				ASSETCATALOG_COMPILER_GLOBAL_ACCENT_COLOR_NAME = AccentColor;
				CODE_SIGN_STYLE = Automatic;
				CURRENT_PROJECT_VERSION = 1;
				DEVELOPMENT_TEAM = KN446JPPP4;
				GENERATE_INFOPLIST_FILE = YES;
				INFOPLIST_FILE = PasswordManager/Info.plist;
				INFOPLIST_KEY_UIApplicationSupportsIndirectInputEvents = YES;
				INFOPLIST_KEY_UILaunchStoryboardName = LaunchScreen;
				INFOPLIST_KEY_UIMainStoryboardFile = Main;
				INFOPLIST_KEY_UISupportedInterfaceOrientations_iPad = "UIInterfaceOrientationPortrait UIInterfaceOrientationPortraitUpsideDown UIInterfaceOrientationLandscapeLeft UIInterfaceOrientationLandscapeRight";
				INFOPLIST_KEY_UISupportedInterfaceOrientations_iPhone = "UIInterfaceOrientationPortrait UIInterfaceOrientationLandscapeLeft UIInterfaceOrientationLandscapeRight";
				LD_RUNPATH_SEARCH_PATHS = (
					"$(inherited)",
					"@executable_path/Frameworks",
				);
				MARKETING_VERSION = 1.0;
				PRODUCT_BUNDLE_IDENTIFIER = DaneJApps.PasswordManager;
				PRODUCT_NAME = "$(TARGET_NAME)";
				SWIFT_EMIT_LOC_STRINGS = YES;
				SWIFT_VERSION = 5.0;
				TARGETED_DEVICE_FAMILY = "1,2";
			};
			name = Debug;
		};
		A567FECF27FCDEF00053A81B /* Release */ = {
			isa = XCBuildConfiguration;
			buildSettings = {
				ASSETCATALOG_COMPILER_APPICON_NAME = AppIcon;
				ASSETCATALOG_COMPILER_GLOBAL_ACCENT_COLOR_NAME = AccentColor;
				CODE_SIGN_STYLE = Automatic;
				CURRENT_PROJECT_VERSION = 1;
				DEVELOPMENT_TEAM = KN446JPPP4;
				GENERATE_INFOPLIST_FILE = YES;
				INFOPLIST_FILE = PasswordManager/Info.plist;
				INFOPLIST_KEY_UIApplicationSupportsIndirectInputEvents = YES;
				INFOPLIST_KEY_UILaunchStoryboardName = LaunchScreen;
				INFOPLIST_KEY_UIMainStoryboardFile = Main;
				INFOPLIST_KEY_UISupportedInterfaceOrientations_iPad = "UIInterfaceOrientationPortrait UIInterfaceOrientationPortraitUpsideDown UIInterfaceOrientationLandscapeLeft UIInterfaceOrientationLandscapeRight";
				INFOPLIST_KEY_UISupportedInterfaceOrientations_iPhone = "UIInterfaceOrientationPortrait UIInterfaceOrientationLandscapeLeft UIInterfaceOrientationLandscapeRight";
				LD_RUNPATH_SEARCH_PATHS = (
					"$(inherited)",
					"@executable_path/Frameworks",
				);
				MARKETING_VERSION = 1.0;
				PRODUCT_BUNDLE_IDENTIFIER = DaneJApps.PasswordManager;
				PRODUCT_NAME = "$(TARGET_NAME)";
				SWIFT_EMIT_LOC_STRINGS = YES;
				SWIFT_VERSION = 5.0;
				TARGETED_DEVICE_FAMILY = "1,2";
			};
			name = Release;
		};
		A567FED127FCDEF00053A81B /* Debug */ = {
			isa = XCBuildConfiguration;
			buildSettings = {
				ALWAYS_EMBED_SWIFT_STANDARD_LIBRARIES = YES;
				BUNDLE_LOADER = "$(TEST_HOST)";
				CODE_SIGN_STYLE = Automatic;
				CURRENT_PROJECT_VERSION = 1;
				DEVELOPMENT_TEAM = KN446JPPP4;
				GENERATE_INFOPLIST_FILE = YES;
				IPHONEOS_DEPLOYMENT_TARGET = 15.2;
				MARKETING_VERSION = 1.0;
				PRODUCT_BUNDLE_IDENTIFIER = DaneJApps.PasswordManagerTests;
				PRODUCT_NAME = "$(TARGET_NAME)";
				SWIFT_EMIT_LOC_STRINGS = NO;
				SWIFT_VERSION = 5.0;
				TARGETED_DEVICE_FAMILY = "1,2";
				TEST_HOST = "$(BUILT_PRODUCTS_DIR)/PasswordManager.app/PasswordManager";
			};
			name = Debug;
		};
		A567FED227FCDEF00053A81B /* Release */ = {
			isa = XCBuildConfiguration;
			buildSettings = {
				ALWAYS_EMBED_SWIFT_STANDARD_LIBRARIES = YES;
				BUNDLE_LOADER = "$(TEST_HOST)";
				CODE_SIGN_STYLE = Automatic;
				CURRENT_PROJECT_VERSION = 1;
				DEVELOPMENT_TEAM = KN446JPPP4;
				GENERATE_INFOPLIST_FILE = YES;
				IPHONEOS_DEPLOYMENT_TARGET = 15.2;
				MARKETING_VERSION = 1.0;
				PRODUCT_BUNDLE_IDENTIFIER = DaneJApps.PasswordManagerTests;
				PRODUCT_NAME = "$(TARGET_NAME)";
				SWIFT_EMIT_LOC_STRINGS = NO;
				SWIFT_VERSION = 5.0;
				TARGETED_DEVICE_FAMILY = "1,2";
				TEST_HOST = "$(BUILT_PRODUCTS_DIR)/PasswordManager.app/PasswordManager";
			};
			name = Release;
		};
		A567FED427FCDEF00053A81B /* Debug */ = {
			isa = XCBuildConfiguration;
			buildSettings = {
				ALWAYS_EMBED_SWIFT_STANDARD_LIBRARIES = YES;
				CODE_SIGN_STYLE = Automatic;
				CURRENT_PROJECT_VERSION = 1;
				DEVELOPMENT_TEAM = KN446JPPP4;
				GENERATE_INFOPLIST_FILE = YES;
				MARKETING_VERSION = 1.0;
				PRODUCT_BUNDLE_IDENTIFIER = DaneJApps.PasswordManagerUITests;
				PRODUCT_NAME = "$(TARGET_NAME)";
				SWIFT_EMIT_LOC_STRINGS = NO;
				SWIFT_VERSION = 5.0;
				TARGETED_DEVICE_FAMILY = "1,2";
				TEST_TARGET_NAME = PasswordManager;
			};
			name = Debug;
		};
		A567FED527FCDEF00053A81B /* Release */ = {
			isa = XCBuildConfiguration;
			buildSettings = {
				ALWAYS_EMBED_SWIFT_STANDARD_LIBRARIES = YES;
				CODE_SIGN_STYLE = Automatic;
				CURRENT_PROJECT_VERSION = 1;
				DEVELOPMENT_TEAM = KN446JPPP4;
				GENERATE_INFOPLIST_FILE = YES;
				MARKETING_VERSION = 1.0;
				PRODUCT_BUNDLE_IDENTIFIER = DaneJApps.PasswordManagerUITests;
				PRODUCT_NAME = "$(TARGET_NAME)";
				SWIFT_EMIT_LOC_STRINGS = NO;
				SWIFT_VERSION = 5.0;
				TARGETED_DEVICE_FAMILY = "1,2";
				TEST_TARGET_NAME = PasswordManager;
			};
			name = Release;
		};
/* End XCBuildConfiguration section */

/* Begin XCConfigurationList section */
		A567FE9E27FCDEEF0053A81B /* Build configuration list for PBXProject "PasswordManager" */ = {
			isa = XCConfigurationList;
			buildConfigurations = (
				A567FECB27FCDEF00053A81B /* Debug */,
				A567FECC27FCDEF00053A81B /* Release */,
			);
			defaultConfigurationIsVisible = 0;
			defaultConfigurationName = Release;
		};
		A567FECD27FCDEF00053A81B /* Build configuration list for PBXNativeTarget "PasswordManager" */ = {
			isa = XCConfigurationList;
			buildConfigurations = (
				A567FECE27FCDEF00053A81B /* Debug */,
				A567FECF27FCDEF00053A81B /* Release */,
			);
			defaultConfigurationIsVisible = 0;
			defaultConfigurationName = Release;
		};
		A567FED027FCDEF00053A81B /* Build configuration list for PBXNativeTarget "PasswordManagerTests" */ = {
			isa = XCConfigurationList;
			buildConfigurations = (
				A567FED127FCDEF00053A81B /* Debug */,
				A567FED227FCDEF00053A81B /* Release */,
			);
			defaultConfigurationIsVisible = 0;
			defaultConfigurationName = Release;
		};
		A567FED327FCDEF00053A81B /* Build configuration list for PBXNativeTarget "PasswordManagerUITests" */ = {
			isa = XCConfigurationList;
			buildConfigurations = (
				A567FED427FCDEF00053A81B /* Debug */,
				A567FED527FCDEF00053A81B /* Release */,
			);
			defaultConfigurationIsVisible = 0;
			defaultConfigurationName = Release;
		};
/* End XCConfigurationList section */
	};
	rootObject = A567FE9B27FCDEEF0053A81B /* Project object */;
}
